
Microsoft Visual Studio Solution File, Format Version 12.00
# Visual Studio Version 17
VisualStudioVersion = 17.7.34221.43
MinimumVisualStudioVersion = 10.0.40219.1
Project("{9A19103F-16F7-4668-BE54-9A1E7A4F7556}") = "IsComing", "IsComing.csproj", "{BBE407A7-BC33-4DB8-9814-33BF53151AAA}"
EndProject
Global
	GlobalSection(SolutionConfigurationPlatforms) = preSolution
		Debug|Any CPU = Debug|Any CPU
		Release|Any CPU = Release|Any CPU
	EndGlobalSection
	GlobalSection(ProjectConfigurationPlatforms) = postSolution
		{BBE407A7-BC33-4DB8-9814-33BF53151AAA}.Debug|Any CPU.ActiveCfg = Debug|Any CPU
		{BBE407A7-BC33-4DB8-9814-33BF53151AAA}.Debug|Any CPU.Build.0 = Debug|Any CPU
		{BBE407A7-BC33-4DB8-9814-33BF53151AAA}.Release|Any CPU.ActiveCfg = Release|Any CPU
		{BBE407A7-BC33-4DB8-9814-33BF53151AAA}.Release|Any CPU.Build.0 = Release|Any CPU
	EndGlobalSection
	GlobalSection(SolutionProperties) = preSolution
		HideSolutionNode = FALSE
	EndGlobalSection
	GlobalSection(ExtensibilityGlobals) = postSolution
		SolutionGuid = {17DA7340-98F2-4B62-AE02-C213240CA613}
	EndGlobalSection
EndGlobal
